# This file is autogenerated, do not edit; changes may be undone by the next 'dep ensure'.


[[projects]]
  branch = "master"
  name = "github.com/oxtoacart/bpool"
  packages = ["."]
  revision = "4e1c5567d7c2dd59fa4c7c83d34c2f3528b025d6"

[solve-meta]
  analyzer-name = "dep"
  analyzer-version = 1
  inputs-digest = "b205daa30f26f559d70df40be3b091c1f94edb563b8a21f920a45453f9ae2768"
  solver-name = "gps-cdcl"
  solver-version = 1
